// !$*UTF8*$!
{
	archiveVersion = 1;
	classes = {
	};
	objectVersion = 55;
	objects = {

/* Begin PBXBuildFile section */
		6C32528E2903ED0400E9DA72 /* UserAddViewController.swift in Sources */ = {isa = PBXBuildFile; fileRef = 6C32528D2903ED0400E9DA72 /* UserAddViewController.swift */; };
		6C3252902903ED2C00E9DA72 /* Main.storyboard in Resources */ = {isa = PBXBuildFile; fileRef = 6C32528F2903ED2C00E9DA72 /* Main.storyboard */; };
		6C58F26E28FB1F3C00467726 /* User.swift in Sources */ = {isa = PBXBuildFile; fileRef = 6C58F26D28FB1F3C00467726 /* User.swift */; };
		6C66D15C28F429BE00EABD67 /* AppDelegate.swift in Sources */ = {isa = PBXBuildFile; fileRef = 6C66D15B28F429BE00EABD67 /* AppDelegate.swift */; };
		6C66D15E28F429BE00EABD67 /* SceneDelegate.swift in Sources */ = {isa = PBXBuildFile; fileRef = 6C66D15D28F429BE00EABD67 /* SceneDelegate.swift */; };
		6C66D16028F429BE00EABD67 /* ViewController.swift in Sources */ = {isa = PBXBuildFile; fileRef = 6C66D15F28F429BE00EABD67 /* ViewController.swift */; };
		6C66D16528F429BF00EABD67 /* Assets.xcassets in Resources */ = {isa = PBXBuildFile; fileRef = 6C66D16428F429BF00EABD67 /* Assets.xcassets */; };
		6C66D16828F429BF00EABD67 /* LaunchScreen.storyboard in Resources */ = {isa = PBXBuildFile; fileRef = 6C66D16628F429BF00EABD67 /* LaunchScreen.storyboard */; };
		6C66D17328F429C000EABD67 /* EPS_HomePageTests.swift in Sources */ = {isa = PBXBuildFile; fileRef = 6C66D17228F429C000EABD67 /* EPS_HomePageTests.swift */; };
		6C66D17D28F429C000EABD67 /* EPS_HomePageUITests.swift in Sources */ = {isa = PBXBuildFile; fileRef = 6C66D17C28F429C000EABD67 /* EPS_HomePageUITests.swift */; };
		6C66D17F28F429C000EABD67 /* EPS_HomePageUITestsLaunchTests.swift in Sources */ = {isa = PBXBuildFile; fileRef = 6C66D17E28F429C000EABD67 /* EPS_HomePageUITestsLaunchTests.swift */; };
		6C66D1CD28F48B8700EABD67 /* sendInTableViewCell.swift in Sources */ = {isa = PBXBuildFile; fileRef = 6C66D1CB28F48B8700EABD67 /* sendInTableViewCell.swift */; };
		6C66D1CE28F48B8700EABD67 /* sendInTableViewCell.xib in Resources */ = {isa = PBXBuildFile; fileRef = 6C66D1CC28F48B8700EABD67 /* sendInTableViewCell.xib */; };
/* End PBXBuildFile section */

/* Begin PBXContainerItemProxy section */
		6C66D16F28F429C000EABD67 /* PBXContainerItemProxy */ = {
			isa = PBXContainerItemProxy;
			containerPortal = 6C66D15028F429BE00EABD67 /* Project object */;
			proxyType = 1;
			remoteGlobalIDString = 6C66D15728F429BE00EABD67;
			remoteInfo = EPS_HomePage;
		};
		6C66D17928F429C000EABD67 /* PBXContainerItemProxy */ = {
			isa = PBXContainerItemProxy;
			containerPortal = 6C66D15028F429BE00EABD67 /* Project object */;
			proxyType = 1;
			remoteGlobalIDString = 6C66D15728F429BE00EABD67;
			remoteInfo = EPS_HomePage;
		};
/* End PBXContainerItemProxy section */

/* Begin PBXFileReference section */
		6C32528D2903ED0400E9DA72 /* UserAddViewController.swift */ = {isa = PBXFileReference; fileEncoding = 4; lastKnownFileType = sourcecode.swift; path = UserAddViewController.swift; sourceTree = "<group>"; };
		6C32528F2903ED2C00E9DA72 /* Main.storyboard */ = {isa = PBXFileReference; fileEncoding = 4; lastKnownFileType = file.storyboard; path = Main.storyboard; sourceTree = "<group>"; };
		6C58F26D28FB1F3C00467726 /* User.swift */ = {isa = PBXFileReference; lastKnownFileType = sourcecode.swift; path = User.swift; sourceTree = "<group>"; };
		6C66D15828F429BE00EABD67 /* EPS.app */ = {isa = PBXFileReference; explicitFileType = wrapper.application; includeInIndex = 0; path = EPS.app; sourceTree = BUILT_PRODUCTS_DIR; };
		6C66D15B28F429BE00EABD67 /* AppDelegate.swift */ = {isa = PBXFileReference; lastKnownFileType = sourcecode.swift; path = AppDelegate.swift; sourceTree = "<group>"; };
		6C66D15D28F429BE00EABD67 /* SceneDelegate.swift */ = {isa = PBXFileReference; lastKnownFileType = sourcecode.swift; path = SceneDelegate.swift; sourceTree = "<group>"; };
		6C66D15F28F429BE00EABD67 /* ViewController.swift */ = {isa = PBXFileReference; lastKnownFileType = sourcecode.swift; path = ViewController.swift; sourceTree = "<group>"; };
		6C66D16428F429BF00EABD67 /* Assets.xcassets */ = {isa = PBXFileReference; lastKnownFileType = folder.assetcatalog; path = Assets.xcassets; sourceTree = "<group>"; };
		6C66D16728F429BF00EABD67 /* Base */ = {isa = PBXFileReference; lastKnownFileType = file.storyboard; name = Base; path = Base.lproj/LaunchScreen.storyboard; sourceTree = "<group>"; };
		6C66D16928F429BF00EABD67 /* Info.plist */ = {isa = PBXFileReference; lastKnownFileType = text.plist.xml; path = Info.plist; sourceTree = "<group>"; };
		6C66D16E28F429C000EABD67 /* EPSTests.xctest */ = {isa = PBXFileReference; explicitFileType = wrapper.cfbundle; includeInIndex = 0; path = EPSTests.xctest; sourceTree = BUILT_PRODUCTS_DIR; };
		6C66D17228F429C000EABD67 /* EPS_HomePageTests.swift */ = {isa = PBXFileReference; lastKnownFileType = sourcecode.swift; path = EPS_HomePageTests.swift; sourceTree = "<group>"; };
		6C66D17828F429C000EABD67 /* EPSUITests.xctest */ = {isa = PBXFileReference; explicitFileType = wrapper.cfbundle; includeInIndex = 0; path = EPSUITests.xctest; sourceTree = BUILT_PRODUCTS_DIR; };
		6C66D17C28F429C000EABD67 /* EPS_HomePageUITests.swift */ = {isa = PBXFileReference; lastKnownFileType = sourcecode.swift; path = EPS_HomePageUITests.swift; sourceTree = "<group>"; };
		6C66D17E28F429C000EABD67 /* EPS_HomePageUITestsLaunchTests.swift */ = {isa = PBXFileReference; lastKnownFileType = sourcecode.swift; path = EPS_HomePageUITestsLaunchTests.swift; sourceTree = "<group>"; };
		6C66D1CB28F48B8700EABD67 /* sendInTableViewCell.swift */ = {isa = PBXFileReference; lastKnownFileType = sourcecode.swift; path = sendInTableViewCell.swift; sourceTree = "<group>"; };
		6C66D1CC28F48B8700EABD67 /* sendInTableViewCell.xib */ = {isa = PBXFileReference; lastKnownFileType = file.xib; path = sendInTableViewCell.xib; sourceTree = "<group>"; };
/* End PBXFileReference section */

/* Begin PBXFrameworksBuildPhase section */
		6C66D15528F429BE00EABD67 /* Frameworks */ = {
			isa = PBXFrameworksBuildPhase;
			buildActionMask = 2147483647;
			files = (
			);
			runOnlyForDeploymentPostprocessing = 0;
		};
		6C66D16B28F429C000EABD67 /* Frameworks */ = {
			isa = PBXFrameworksBuildPhase;
			buildActionMask = 2147483647;
			files = (
			);
			runOnlyForDeploymentPostprocessing = 0;
		};
		6C66D17528F429C000EABD67 /* Frameworks */ = {
			isa = PBXFrameworksBuildPhase;
			buildActionMask = 2147483647;
			files = (
			);
			runOnlyForDeploymentPostprocessing = 0;
		};
/* End PBXFrameworksBuildPhase section */

/* Begin PBXGroup section */
		6C32528C2903ED0400E9DA72 /* Create */ = {
			isa = PBXGroup;
			children = (
				6C32528D2903ED0400E9DA72 /* UserAddViewController.swift */,
			);
			path = Create;
			sourceTree = "<group>";
		};
		6C58F26C28FB1F2600467726 /* Models */ = {
			isa = PBXGroup;
			children = (
				6C58F26D28FB1F3C00467726 /* User.swift */,
			);
			path = Models;
			sourceTree = "<group>";
		};
		6C5C34CE28F5B724001E69DA /* SendInCell */ = {
			isa = PBXGroup;
			children = (
				6C66D1CB28F48B8700EABD67 /* sendInTableViewCell.swift */,
				6C66D1CC28F48B8700EABD67 /* sendInTableViewCell.xib */,
			);
			path = SendInCell;
			sourceTree = "<group>";
		};
		6C5C34D528F5C0D3001E69DA /* Home */ = {
			isa = PBXGroup;
			children = (
				6C66D15F28F429BE00EABD67 /* ViewController.swift */,
			);
			path = Home;
			sourceTree = "<group>";
		};
		6C66D14F28F429BE00EABD67 = {
			isa = PBXGroup;
			children = (
				6C66D15A28F429BE00EABD67 /* EPS_HomePage */,
				6C66D17128F429C000EABD67 /* EPS_HomePageTests */,
				6C66D17B28F429C000EABD67 /* EPS_HomePageUITests */,
				6C66D15928F429BE00EABD67 /* Products */,
			);
			sourceTree = "<group>";
		};
		6C66D15928F429BE00EABD67 /* Products */ = {
			isa = PBXGroup;
			children = (
				6C66D15828F429BE00EABD67 /* EPS.app */,
				6C66D16E28F429C000EABD67 /* EPSTests.xctest */,
				6C66D17828F429C000EABD67 /* EPSUITests.xctest */,
			);
			name = Products;
			sourceTree = "<group>";
		};
		6C66D15A28F429BE00EABD67 /* EPS_HomePage */ = {
			isa = PBXGroup;
			children = (
				6C58F26C28FB1F2600467726 /* Models */,
				6C66D18B28F42A2100EABD67 /* System */,
				6C66D18D28F42A3000EABD67 /* View */,
				6C66D18C28F42A2700EABD67 /* Controller */,
				6C66D16428F429BF00EABD67 /* Assets.xcassets */,
				6C66D16928F429BF00EABD67 /* Info.plist */,
			);
			path = EPS_HomePage;
			sourceTree = "<group>";
		};
		6C66D17128F429C000EABD67 /* EPS_HomePageTests */ = {
			isa = PBXGroup;
			children = (
				6C66D17228F429C000EABD67 /* EPS_HomePageTests.swift */,
			);
			path = EPS_HomePageTests;
			sourceTree = "<group>";
		};
		6C66D17B28F429C000EABD67 /* EPS_HomePageUITests */ = {
			isa = PBXGroup;
			children = (
				6C66D17C28F429C000EABD67 /* EPS_HomePageUITests.swift */,
				6C66D17E28F429C000EABD67 /* EPS_HomePageUITestsLaunchTests.swift */,
			);
			path = EPS_HomePageUITests;
			sourceTree = "<group>";
		};
		6C66D18B28F42A2100EABD67 /* System */ = {
			isa = PBXGroup;
			children = (
				6C66D15B28F429BE00EABD67 /* AppDelegate.swift */,
				6C66D15D28F429BE00EABD67 /* SceneDelegate.swift */,
			);
			path = System;
			sourceTree = "<group>";
		};
		6C66D18C28F42A2700EABD67 /* Controller */ = {
			isa = PBXGroup;
			children = (
				6C32528F2903ED2C00E9DA72 /* Main.storyboard */,
				6C5C34D528F5C0D3001E69DA /* Home */,
				6C32528C2903ED0400E9DA72 /* Create */,
			);
			path = Controller;
			sourceTree = "<group>";
		};
		6C66D18D28F42A3000EABD67 /* View */ = {
			isa = PBXGroup;
			children = (
				6C66D18E28F42A3900EABD67 /* Cell */,
				6C66D16628F429BF00EABD67 /* LaunchScreen.storyboard */,
			);
			path = View;
			sourceTree = "<group>";
		};
		6C66D18E28F42A3900EABD67 /* Cell */ = {
			isa = PBXGroup;
			children = (
				6C5C34CE28F5B724001E69DA /* SendInCell */,
			);
			path = Cell;
			sourceTree = "<group>";
		};
/* End PBXGroup section */

/* Begin PBXNativeTarget section */
		6C66D15728F429BE00EABD67 /* EPS */ = {
			isa = PBXNativeTarget;
			buildConfigurationList = 6C66D18228F429C000EABD67 /* Build configuration list for PBXNativeTarget "EPS" */;
			buildPhases = (
				6C66D15428F429BE00EABD67 /* Sources */,
				6C66D15528F429BE00EABD67 /* Frameworks */,
				6C66D15628F429BE00EABD67 /* Resources */,
			);
			buildRules = (
			);
			dependencies = (
			);
			name = EPS;
			productName = EPS_HomePage;
			productReference = 6C66D15828F429BE00EABD67 /* EPS.app */;
			productType = "com.apple.product-type.application";
		};
		6C66D16D28F429C000EABD67 /* EPSTests */ = {
			isa = PBXNativeTarget;
			buildConfigurationList = 6C66D18528F429C000EABD67 /* Build configuration list for PBXNativeTarget "EPSTests" */;
			buildPhases = (
				6C66D16A28F429C000EABD67 /* Sources */,
				6C66D16B28F429C000EABD67 /* Frameworks */,
				6C66D16C28F429C000EABD67 /* Resources */,
			);
			buildRules = (
			);
			dependencies = (
				6C66D17028F429C000EABD67 /* PBXTargetDependency */,
			);
			name = EPSTests;
			productName = EPS_HomePageTests;
			productReference = 6C66D16E28F429C000EABD67 /* EPSTests.xctest */;
			productType = "com.apple.product-type.bundle.unit-test";
		};
		6C66D17728F429C000EABD67 /* EPSUITests */ = {
			isa = PBXNativeTarget;
			buildConfigurationList = 6C66D18828F429C000EABD67 /* Build configuration list for PBXNativeTarget "EPSUITests" */;
			buildPhases = (
				6C66D17428F429C000EABD67 /* Sources */,
				6C66D17528F429C000EABD67 /* Frameworks */,
				6C66D17628F429C000EABD67 /* Resources */,
			);
			buildRules = (
			);
			dependencies = (
				6C66D17A28F429C000EABD67 /* PBXTargetDependency */,
			);
			name = EPSUITests;
			productName = EPS_HomePageUITests;
			productReference = 6C66D17828F429C000EABD67 /* EPSUITests.xctest */;
			productType = "com.apple.product-type.bundle.ui-testing";
		};
/* End PBXNativeTarget section */

/* Begin PBXProject section */
		6C66D15028F429BE00EABD67 /* Project object */ = {
			isa = PBXProject;
			attributes = {
				BuildIndependentTargetsInParallel = 1;
				LastSwiftUpdateCheck = 1340;
				LastUpgradeCheck = 1340;
				TargetAttributes = {
					6C66D15728F429BE00EABD67 = {
						CreatedOnToolsVersion = 13.4.1;
					};
					6C66D16D28F429C000EABD67 = {
						CreatedOnToolsVersion = 13.4.1;
						TestTargetID = 6C66D15728F429BE00EABD67;
					};
					6C66D17728F429C000EABD67 = {
						CreatedOnToolsVersion = 13.4.1;
						TestTargetID = 6C66D15728F429BE00EABD67;
					};
				};
			};
			buildConfigurationList = 6C66D15328F429BE00EABD67 /* Build configuration list for PBXProject "EPS" */;
			compatibilityVersion = "Xcode 13.0";
			developmentRegion = en;
			hasScannedForEncodings = 0;
			knownRegions = (
				en,
				Base,
			);
			mainGroup = 6C66D14F28F429BE00EABD67;
			productRefGroup = 6C66D15928F429BE00EABD67 /* Products */;
			projectDirPath = "";
			projectRoot = "";
			targets = (
				6C66D15728F429BE00EABD67 /* EPS */,
				6C66D16D28F429C000EABD67 /* EPSTests */,
				6C66D17728F429C000EABD67 /* EPSUITests */,
			);
		};
/* End PBXProject section */

/* Begin PBXResourcesBuildPhase section */
		6C66D15628F429BE00EABD67 /* Resources */ = {
			isa = PBXResourcesBuildPhase;
			buildActionMask = 2147483647;
			files = (
				6C66D16828F429BF00EABD67 /* LaunchScreen.storyboard in Resources */,
				6C3252902903ED2C00E9DA72 /* Main.storyboard in Resources */,
				6C66D1CE28F48B8700EABD67 /* sendInTableViewCell.xib in Resources */,
				6C66D16528F429BF00EABD67 /* Assets.xcassets in Resources */,
			);
			runOnlyForDeploymentPostprocessing = 0;
		};
		6C66D16C28F429C000EABD67 /* Resources */ = {
			isa = PBXResourcesBuildPhase;
			buildActionMask = 2147483647;
			files = (
			);
			runOnlyForDeploymentPostprocessing = 0;
		};
		6C66D17628F429C000EABD67 /* Resources */ = {
			isa = PBXResourcesBuildPhase;
			buildActionMask = 2147483647;
			files = (
			);
			runOnlyForDeploymentPostprocessing = 0;
		};
/* End PBXResourcesBuildPhase section */

/* Begin PBXSourcesBuildPhase section */
		6C66D15428F429BE00EABD67 /* Sources */ = {
			isa = PBXSourcesBuildPhase;
			buildActionMask = 2147483647;
			files = (
				6C32528E2903ED0400E9DA72 /* UserAddViewController.swift in Sources */,
				6C66D16028F429BE00EABD67 /* ViewController.swift in Sources */,
				6C66D1CD28F48B8700EABD67 /* sendInTableViewCell.swift in Sources */,
				6C66D15C28F429BE00EABD67 /* AppDelegate.swift in Sources */,
				6C66D15E28F429BE00EABD67 /* SceneDelegate.swift in Sources */,
				6C58F26E28FB1F3C00467726 /* User.swift in Sources */,
			);
			runOnlyForDeploymentPostprocessing = 0;
		};
		6C66D16A28F429C000EABD67 /* Sources */ = {
			isa = PBXSourcesBuildPhase;
			buildActionMask = 2147483647;
			files = (
				6C66D17328F429C000EABD67 /* EPS_HomePageTests.swift in Sources */,
			);
			runOnlyForDeploymentPostprocessing = 0;
		};
		6C66D17428F429C000EABD67 /* Sources */ = {
			isa = PBXSourcesBuildPhase;
			buildActionMask = 2147483647;
			files = (
				6C66D17D28F429C000EABD67 /* EPS_HomePageUITests.swift in Sources */,
				6C66D17F28F429C000EABD67 /* EPS_HomePageUITestsLaunchTests.swift in Sources */,
			);
			runOnlyForDeploymentPostprocessing = 0;
		};
/* End PBXSourcesBuildPhase section */

/* Begin PBXTargetDependency section */
		6C66D17028F429C000EABD67 /* PBXTargetDependency */ = {
			isa = PBXTargetDependency;
			target = 6C66D15728F429BE00EABD67 /* EPS */;
			targetProxy = 6C66D16F28F429C000EABD67 /* PBXContainerItemProxy */;
		};
		6C66D17A28F429C000EABD67 /* PBXTargetDependency */ = {
			isa = PBXTargetDependency;
			target = 6C66D15728F429BE00EABD67 /* EPS */;
			targetProxy = 6C66D17928F429C000EABD67 /* PBXContainerItemProxy */;
		};
/* End PBXTargetDependency section */

/* Begin PBXVariantGroup section */
		6C66D16628F429BF00EABD67 /* LaunchScreen.storyboard */ = {
			isa = PBXVariantGroup;
			children = (
				6C66D16728F429BF00EABD67 /* Base */,
			);
			name = LaunchScreen.storyboard;
			sourceTree = "<group>";
		};
/* End PBXVariantGroup section */

/* Begin XCBuildConfiguration section */
		6C66D18028F429C000EABD67 /* Debug */ = {
			isa = XCBuildConfiguration;
			buildSettings = {
				ALWAYS_SEARCH_USER_PATHS = NO;
				CLANG_ANALYZER_NONNULL = YES;
				CLANG_ANALYZER_NUMBER_OBJECT_CONVERSION = YES_AGGRESSIVE;
				CLANG_CXX_LANGUAGE_STANDARD = "gnu++17";
				CLANG_ENABLE_MODULES = YES;
				CLANG_ENABLE_OBJC_ARC = YES;
				CLANG_ENABLE_OBJC_WEAK = YES;
				CLANG_WARN_BLOCK_CAPTURE_AUTORELEASING = YES;
				CLANG_WARN_BOOL_CONVERSION = YES;
				CLANG_WARN_COMMA = YES;
				CLANG_WARN_CONSTANT_CONVERSION = YES;
				CLANG_WARN_DEPRECATED_OBJC_IMPLEMENTATIONS = YES;
				CLANG_WARN_DIRECT_OBJC_ISA_USAGE = YES_ERROR;
				CLANG_WARN_DOCUMENTATION_COMMENTS = YES;
				CLANG_WARN_EMPTY_BODY = YES;
				CLANG_WARN_ENUM_CONVERSION = YES;
				CLANG_WARN_INFINITE_RECURSION = YES;
				CLANG_WARN_INT_CONVERSION = YES;
				CLANG_WARN_NON_LITERAL_NULL_CONVERSION = YES;
				CLANG_WARN_OBJC_IMPLICIT_RETAIN_SELF = YES;
				CLANG_WARN_OBJC_LITERAL_CONVERSION = YES;
				CLANG_WARN_OBJC_ROOT_CLASS = YES_ERROR;
				CLANG_WARN_QUOTED_INCLUDE_IN_FRAMEWORK_HEADER = YES;
				CLANG_WARN_RANGE_LOOP_ANALYSIS = YES;
				CLANG_WARN_STRICT_PROTOTYPES = YES;
				CLANG_WARN_SUSPICIOUS_MOVE = YES;
				CLANG_WARN_UNGUARDED_AVAILABILITY = YES_AGGRESSIVE;
				CLANG_WARN_UNREACHABLE_CODE = YES;
				CLANG_WARN__DUPLICATE_METHOD_MATCH = YES;
				COPY_PHASE_STRIP = NO;
				DEBUG_INFORMATION_FORMAT = dwarf;
				ENABLE_STRICT_OBJC_MSGSEND = YES;
				ENABLE_TESTABILITY = YES;
				GCC_C_LANGUAGE_STANDARD = gnu11;
				GCC_DYNAMIC_NO_PIC = NO;
				GCC_NO_COMMON_BLOCKS = YES;
				GCC_OPTIMIZATION_LEVEL = 0;
				GCC_PREPROCESSOR_DEFINITIONS = (
					"DEBUG=1",
					"$(inherited)",
				);
				GCC_WARN_64_TO_32_BIT_CONVERSION = YES;
				GCC_WARN_ABOUT_RETURN_TYPE = YES_ERROR;
				GCC_WARN_UNDECLARED_SELECTOR = YES;
				GCC_WARN_UNINITIALIZED_AUTOS = YES_AGGRESSIVE;
				GCC_WARN_UNUSED_FUNCTION = YES;
				GCC_WARN_UNUSED_VARIABLE = YES;
				IPHONEOS_DEPLOYMENT_TARGET = 15.5;
				MTL_ENABLE_DEBUG_INFO = INCLUDE_SOURCE;
				MTL_FAST_MATH = YES;
				ONLY_ACTIVE_ARCH = YES;
				SDKROOT = iphoneos;
				SWIFT_ACTIVE_COMPILATION_CONDITIONS = DEBUG;
				SWIFT_OPTIMIZATION_LEVEL = "-Onone";
			};
			name = Debug;
		};
		6C66D18128F429C000EABD67 /* Release */ = {
			isa = XCBuildConfiguration;
			buildSettings = {
				ALWAYS_SEARCH_USER_PATHS = NO;
				CLANG_ANALYZER_NONNULL = YES;
				CLANG_ANALYZER_NUMBER_OBJECT_CONVERSION = YES_AGGRESSIVE;
				CLANG_CXX_LANGUAGE_STANDARD = "gnu++17";
				CLANG_ENABLE_MODULES = YES;
				CLANG_ENABLE_OBJC_ARC = YES;
				CLANG_ENABLE_OBJC_WEAK = YES;
				CLANG_WARN_BLOCK_CAPTURE_AUTORELEASING = YES;
				CLANG_WARN_BOOL_CONVERSION = YES;
				CLANG_WARN_COMMA = YES;
				CLANG_WARN_CONSTANT_CONVERSION = YES;
				CLANG_WARN_DEPRECATED_OBJC_IMPLEMENTATIONS = YES;
				CLANG_WARN_DIRECT_OBJC_ISA_USAGE = YES_ERROR;
				CLANG_WARN_DOCUMENTATION_COMMENTS = YES;
				CLANG_WARN_EMPTY_BODY = YES;
				CLANG_WARN_ENUM_CONVERSION = YES;
				CLANG_WARN_INFINITE_RECURSION = YES;
				CLANG_WARN_INT_CONVERSION = YES;
				CLANG_WARN_NON_LITERAL_NULL_CONVERSION = YES;
				CLANG_WARN_OBJC_IMPLICIT_RETAIN_SELF = YES;
				CLANG_WARN_OBJC_LITERAL_CONVERSION = YES;
				CLANG_WARN_OBJC_ROOT_CLASS = YES_ERROR;
				CLANG_WARN_QUOTED_INCLUDE_IN_FRAMEWORK_HEADER = YES;
				CLANG_WARN_RANGE_LOOP_ANALYSIS = YES;
				CLANG_WARN_STRICT_PROTOTYPES = YES;
				CLANG_WARN_SUSPICIOUS_MOVE = YES;
				CLANG_WARN_UNGUARDED_AVAILABILITY = YES_AGGRESSIVE;
				CLANG_WARN_UNREACHABLE_CODE = YES;
				CLANG_WARN__DUPLICATE_METHOD_MATCH = YES;
				COPY_PHASE_STRIP = NO;
				DEBUG_INFORMATION_FORMAT = "dwarf-with-dsym";
				ENABLE_NS_ASSERTIONS = NO;
				ENABLE_STRICT_OBJC_MSGSEND = YES;
				GCC_C_LANGUAGE_STANDARD = gnu11;
				GCC_NO_COMMON_BLOCKS = YES;
				GCC_WARN_64_TO_32_BIT_CONVERSION = YES;
				GCC_WARN_ABOUT_RETURN_TYPE = YES_ERROR;
				GCC_WARN_UNDECLARED_SELECTOR = YES;
				GCC_WARN_UNINITIALIZED_AUTOS = YES_AGGRESSIVE;
				GCC_WARN_UNUSED_FUNCTION = YES;
				GCC_WARN_UNUSED_VARIABLE = YES;
				IPHONEOS_DEPLOYMENT_TARGET = 15.5;
				MTL_ENABLE_DEBUG_INFO = NO;
				MTL_FAST_MATH = YES;
				SDKROOT = iphoneos;
				SWIFT_COMPILATION_MODE = wholemodule;
				SWIFT_OPTIMIZATION_LEVEL = "-O";
				VALIDATE_PRODUCT = YES;
			};
			name = Release;
		};
		6C66D18328F429C000EABD67 /* Debug */ = {
			isa = XCBuildConfiguration;
			buildSettings = {
				ASSETCATALOG_COMPILER_APPICON_NAME = AppIcon;
				ASSETCATALOG_COMPILER_GLOBAL_ACCENT_COLOR_NAME = AccentColor;
				ASSETCATALOG_COMPILER_INCLUDE_ALL_APPICON_ASSETS = NO;
				CODE_SIGN_STYLE = Automatic;
				CURRENT_PROJECT_VERSION = 1;
				DEVELOPMENT_TEAM = 88MNYF3498;
				GENERATE_INFOPLIST_FILE = YES;
				INFOPLIST_FILE = EPS_HomePage/Info.plist;
				INFOPLIST_KEY_UIApplicationSupportsIndirectInputEvents = YES;
				INFOPLIST_KEY_UILaunchStoryboardName = LaunchScreen;
				INFOPLIST_KEY_UIMainStoryboardFile = Main;
				INFOPLIST_KEY_UISupportedInterfaceOrientations_iPad = "UIInterfaceOrientationPortrait UIInterfaceOrientationPortraitUpsideDown UIInterfaceOrientationLandscapeLeft UIInterfaceOrientationLandscapeRight";
				INFOPLIST_KEY_UISupportedInterfaceOrientations_iPhone = "UIInterfaceOrientationPortrait UIInterfaceOrientationLandscapeLeft UIInterfaceOrientationLandscapeRight";
				IPHONEOS_DEPLOYMENT_TARGET = 13.0;
				LD_RUNPATH_SEARCH_PATHS = (
					"$(inherited)",
					"@executable_path/Frameworks",
				);
				MARKETING_VERSION = 1.0;
				PRODUCT_BUNDLE_IDENTIFIER = "kashem.com.EPS-HomePage";
				PRODUCT_NAME = "$(TARGET_NAME)";
				SWIFT_EMIT_LOC_STRINGS = YES;
				SWIFT_VERSION = 5.0;
				TARGETED_DEVICE_FAMILY = "1,2";
			};
			name = Debug;
		};
		6C66D18428F429C000EABD67 /* Release */ = {
			isa = XCBuildConfiguration;
			buildSettings = {
				ASSETCATALOG_COMPILER_APPICON_NAME = AppIcon;
				ASSETCATALOG_COMPILER_GLOBAL_ACCENT_COLOR_NAME = AccentColor;
				ASSETCATALOG_COMPILER_INCLUDE_ALL_APPICON_ASSETS = NO;
				CODE_SIGN_STYLE = Automatic;
				CURRENT_PROJECT_VERSION = 1;
				DEVELOPMENT_TEAM = 88MNYF3498;
				GENERATE_INFOPLIST_FILE = YES;
				INFOPLIST_FILE = EPS_HomePage/Info.plist;
				INFOPLIST_KEY_UIApplicationSupportsIndirectInputEvents = YES;
				INFOPLIST_KEY_UILaunchStoryboardName = LaunchScreen;
				INFOPLIST_KEY_UIMainStoryboardFile = Main;
				INFOPLIST_KEY_UISupportedInterfaceOrientations_iPad = "UIInterfaceOrientationPortrait UIInterfaceOrientationPortraitUpsideDown UIInterfaceOrientationLandscapeLeft UIInterfaceOrientationLandscapeRight";
				INFOPLIST_KEY_UISupportedInterfaceOrientations_iPhone = "UIInterfaceOrientationPortrait UIInterfaceOrientationLandscapeLeft UIInterfaceOrientationLandscapeRight";
				IPHONEOS_DEPLOYMENT_TARGET = 13.0;
				LD_RUNPATH_SEARCH_PATHS = (
					"$(inherited)",
					"@executable_path/Frameworks",
				);
				MARKETING_VERSION = 1.0;
				PRODUCT_BUNDLE_IDENTIFIER = "kashem.com.EPS-HomePage";
				PRODUCT_NAME = "$(TARGET_NAME)";
				SWIFT_EMIT_LOC_STRINGS = YES;
				SWIFT_VERSION = 5.0;
				TARGETED_DEVICE_FAMILY = "1,2";
			};
			name = Release;
		};
		6C66D18628F429C000EABD67 /* Debug */ = {
			isa = XCBuildConfiguration;
			buildSettings = {
				ALWAYS_EMBED_SWIFT_STANDARD_LIBRARIES = YES;
				BUNDLE_LOADER = "$(TEST_HOST)";
				CODE_SIGN_STYLE = Automatic;
				CURRENT_PROJECT_VERSION = 1;
				GENERATE_INFOPLIST_FILE = YES;
				IPHONEOS_DEPLOYMENT_TARGET = 16.0;
				MARKETING_VERSION = 1.0;
				PRODUCT_BUNDLE_IDENTIFIER = "kashem.com.EPS-HomePageTests";
				PRODUCT_NAME = "$(TARGET_NAME)";
				SWIFT_EMIT_LOC_STRINGS = NO;
				SWIFT_VERSION = 5.0;
				TARGETED_DEVICE_FAMILY = "1,2";
				TEST_HOST = "$(BUILT_PRODUCTS_DIR)/EPS.app/EPS";
			};
			name = Debug;
		};
		6C66D18728F429C000EABD67 /* Release */ = {
			isa = XCBuildConfiguration;
			buildSettings = {
				ALWAYS_EMBED_SWIFT_STANDARD_LIBRARIES = YES;
				BUNDLE_LOADER = "$(TEST_HOST)";
				CODE_SIGN_STYLE = Automatic;
				CURRENT_PROJECT_VERSION = 1;
				GENERATE_INFOPLIST_FILE = YES;
				IPHONEOS_DEPLOYMENT_TARGET = 16.0;
				MARKETING_VERSION = 1.0;
				PRODUCT_BUNDLE_IDENTIFIER = "kashem.com.EPS-HomePageTests";
				PRODUCT_NAME = "$(TARGET_NAME)";
				SWIFT_EMIT_LOC_STRINGS = NO;
				SWIFT_VERSION = 5.0;
				TARGETED_DEVICE_FAMILY = "1,2";
				TEST_HOST = "$(BUILT_PRODUCTS_DIR)/EPS.app/EPS";
			};
			name = Release;
		};
		6C66D18928F429C000EABD67 /* Debug */ = {
			isa = XCBuildConfiguration;
			buildSettings = {
				ALWAYS_EMBED_SWIFT_STANDARD_LIBRARIES = YES;
				CODE_SIGN_STYLE = Automatic;
				CURRENT_PROJECT_VERSION = 1;
				GENERATE_INFOPLIST_FILE = YES;
				MARKETING_VERSION = 1.0;
				PRODUCT_BUNDLE_IDENTIFIER = "kashem.com.EPS-HomePageUITests";
				PRODUCT_NAME = "$(TARGET_NAME)";
				SWIFT_EMIT_LOC_STRINGS = NO;
				SWIFT_VERSION = 5.0;
				TARGETED_DEVICE_FAMILY = "1,2";
				TEST_TARGET_NAME = EPS_HomePage;
			};
			name = Debug;
		};
		6C66D18A28F429C000EABD67 /* Release */ = {
			isa = XCBuildConfiguration;
			buildSettings = {
				ALWAYS_EMBED_SWIFT_STANDARD_LIBRARIES = YES;
				CODE_SIGN_STYLE = Automatic;
				CURRENT_PROJECT_VERSION = 1;
				GENERATE_INFOPLIST_FILE = YES;
				MARKETING_VERSION = 1.0;
				PRODUCT_BUNDLE_IDENTIFIER = "kashem.com.EPS-HomePageUITests";
				PRODUCT_NAME = "$(TARGET_NAME)";
				SWIFT_EMIT_LOC_STRINGS = NO;
				SWIFT_VERSION = 5.0;
				TARGETED_DEVICE_FAMILY = "1,2";
				TEST_TARGET_NAME = EPS_HomePage;
			};
			name = Release;
		};
/* End XCBuildConfiguration section */

/* Begin XCConfigurationList section */
		6C66D15328F429BE00EABD67 /* Build configuration list for PBXProject "EPS" */ = {
			isa = XCConfigurationList;
			buildConfigurations = (
				6C66D18028F429C000EABD67 /* Debug */,
				6C66D18128F429C000EABD67 /* Release */,
			);
			defaultConfigurationIsVisible = 0;
			defaultConfigurationName = Release;
		};
		6C66D18228F429C000EABD67 /* Build configuration list for PBXNativeTarget "EPS" */ = {
			isa = XCConfigurationList;
			buildConfigurations = (
				6C66D18328F429C000EABD67 /* Debug */,
				6C66D18428F429C000EABD67 /* Release */,
			);
			defaultConfigurationIsVisible = 0;
			defaultConfigurationName = Release;
		};
		6C66D18528F429C000EABD67 /* Build configuration list for PBXNativeTarget "EPSTests" */ = {
			isa = XCConfigurationList;
			buildConfigurations = (
				6C66D18628F429C000EABD67 /* Debug */,
				6C66D18728F429C000EABD67 /* Release */,
			);
			defaultConfigurationIsVisible = 0;
			defaultConfigurationName = Release;
		};
		6C66D18828F429C000EABD67 /* Build configuration list for PBXNativeTarget "EPSUITests" */ = {
			isa = XCConfigurationList;
			buildConfigurations = (
				6C66D18928F429C000EABD67 /* Debug */,
				6C66D18A28F429C000EABD67 /* Release */,
			);
			defaultConfigurationIsVisible = 0;
			defaultConfigurationName = Release;
		};
/* End XCConfigurationList section */
	};
	rootObject = 6C66D15028F429BE00EABD67 /* Project object */;
}
